{
    "_meta": {
        "hash": {
            "sha256": "b2626de4e9ab58a74e988c6003d9cc00376fdb2795d7a3383765f03499797113"
        },
        "pipfile-spec": 6,
        "requires": {
            "python_version": "3.6"
        },
        "sources": [
            {
                "name": "pypi",
                "url": "https://pypi.org/simple",
                "verify_ssl": true
            }
        ]
    },
    "default": {
        "appdirs": {
            "hashes": [
                "sha256:9e5896d1372858f8dd3344faf4e5014d21849c756c8d5701f78f8a103b372d92",
                "sha256:d8b24664561d0d34ddfaec54636d502d7cea6e29c3eaf68f3df6180863e2166e"
            ],
            "version": "==1.4.3"
        },
        "lesson-utils": {
            "editable": true,
            "path": "./../lesson-utils"
        },
        "task-bookkeeping": {
            "editable": true,
            "path": "."
        },
        "terminaltables": {
            "hashes": [
                "sha256:f3eb0eb92e3833972ac36796293ca0906e998dc3be91fbe1f8615b331b853b81"
            ],
            "index": "pypi",
            "version": "==3.1.0"
        }
    },
    "develop": {}
}
